
Microsoft Visual Studio Solution File, Format Version 12.00
# Visual Studio Version 17
VisualStudioVersion = 17.11.35303.130
MinimumVisualStudioVersion = 10.0.40219.1
Project("{FAE04EC0-301F-11D3-BF4B-00C04F79EFBC}") = "pr1", "pr1.csproj", "{9132250F-9ED9-42C9-84C6-0BD092891843}"
EndProject
Global
	GlobalSection(SolutionConfigurationPlatforms) = preSolution
		Debug|Any CPU = Debug|Any CPU
		Release|Any CPU = Release|Any CPU
	EndGlobalSection
	GlobalSection(ProjectConfigurationPlatforms) = postSolution
		{9132250F-9ED9-42C9-84C6-0BD092891843}.Debug|Any CPU.ActiveCfg = Debug|Any CPU
		{9132250F-9ED9-42C9-84C6-0BD092891843}.Debug|Any CPU.Build.0 = Debug|Any CPU
		{9132250F-9ED9-42C9-84C6-0BD092891843}.Release|Any CPU.ActiveCfg = Release|Any CPU
		{9132250F-9ED9-42C9-84C6-0BD092891843}.Release|Any CPU.Build.0 = Release|Any CPU
	EndGlobalSection
	GlobalSection(SolutionProperties) = preSolution
		HideSolutionNode = FALSE
	EndGlobalSection
	GlobalSection(ExtensibilityGlobals) = postSolution
		SolutionGuid = {6726F439-4502-4015-AEAA-846069786657}
	EndGlobalSection
EndGlobal
